
Microsoft Visual Studio Solution File, Format Version 12.00
# Visual Studio 15
VisualStudioVersion = 15.0.28010.2041
MinimumVisualStudioVersion = 10.0.40219.1
Project("{FAE04EC0-301F-11D3-BF4B-00C04F79EFBC}") = "SignalRChat", "SignalRChat\SignalRChat.csproj", "{35F15467-C33D-42B2-ACCC-A82881FE0711}"
EndProject
Global
	GlobalSection(SolutionConfigurationPlatforms) = preSolution
		Debug|Any CPU = Debug|Any CPU
		Release|Any CPU = Release|Any CPU
	EndGlobalSection
	GlobalSection(ProjectConfigurationPlatforms) = postSolution
		{35F15467-C33D-42B2-ACCC-A82881FE0711}.Debug|Any CPU.ActiveCfg = Debug|Any CPU
		{35F15467-C33D-42B2-ACCC-A82881FE0711}.Debug|Any CPU.Build.0 = Debug|Any CPU
		{35F15467-C33D-42B2-ACCC-A82881FE0711}.Release|Any CPU.ActiveCfg = Release|Any CPU
		{35F15467-C33D-42B2-ACCC-A82881FE0711}.Release|Any CPU.Build.0 = Release|Any CPU
	EndGlobalSection
	GlobalSection(SolutionProperties) = preSolution
		HideSolutionNode = FALSE
	EndGlobalSection
	GlobalSection(ExtensibilityGlobals) = postSolution
		SolutionGuid = {9600ED4C-AF58-4976-AD58-E0794784CEF8}
	EndGlobalSection
EndGlobal
